// !$*UTF8*$!
{
	archiveVersion = 1;
	classes = {
	};
	objectVersion = 46;
	objects = {

/* Begin PBXBuildFile section */
		E33E63871E2CD635003E5875 /* AppDelegate.swift in Sources */ = {isa = PBXBuildFile; fileRef = E33E63861E2CD635003E5875 /* AppDelegate.swift */; };
		E33E63891E2CD635003E5875 /* ViewController.swift in Sources */ = {isa = PBXBuildFile; fileRef = E33E63881E2CD635003E5875 /* ViewController.swift */; };
		E33E638C1E2CD635003E5875 /* Main.storyboard in Resources */ = {isa = PBXBuildFile; fileRef = E33E638A1E2CD635003E5875 /* Main.storyboard */; };
		E33E638E1E2CD635003E5875 /* Assets.xcassets in Resources */ = {isa = PBXBuildFile; fileRef = E33E638D1E2CD635003E5875 /* Assets.xcassets */; };
		E33E63911E2CD635003E5875 /* LaunchScreen.storyboard in Resources */ = {isa = PBXBuildFile; fileRef = E33E638F1E2CD635003E5875 /* LaunchScreen.storyboard */; };
		E33E63991E2CD95B003E5875 /* paddle.png in Resources */ = {isa = PBXBuildFile; fileRef = E33E63981E2CD95B003E5875 /* paddle.png */; };
		E33E639D1E2CE371003E5875 /* Paddle.swift in Sources */ = {isa = PBXBuildFile; fileRef = E33E639C1E2CE371003E5875 /* Paddle.swift */; };
		E33E639F1E2CE918003E5875 /* paddleRotated.png in Resources */ = {isa = PBXBuildFile; fileRef = E33E639E1E2CE918003E5875 /* paddleRotated.png */; };
/* End PBXBuildFile section */

/* Begin PBXFileReference section */
		E33E63831E2CD635003E5875 /* SwitchTest2.app */ = {isa = PBXFileReference; explicitFileType = wrapper.application; includeInIndex = 0; path = SwitchTest2.app; sourceTree = BUILT_PRODUCTS_DIR; };
		E33E63861E2CD635003E5875 /* AppDelegate.swift */ = {isa = PBXFileReference; lastKnownFileType = sourcecode.swift; path = AppDelegate.swift; sourceTree = "<group>"; };
		E33E63881E2CD635003E5875 /* ViewController.swift */ = {isa = PBXFileReference; lastKnownFileType = sourcecode.swift; path = ViewController.swift; sourceTree = "<group>"; };
		E33E638B1E2CD635003E5875 /* Base */ = {isa = PBXFileReference; lastKnownFileType = file.storyboard; name = Base; path = Base.lproj/Main.storyboard; sourceTree = "<group>"; };
		E33E638D1E2CD635003E5875 /* Assets.xcassets */ = {isa = PBXFileReference; lastKnownFileType = folder.assetcatalog; path = Assets.xcassets; sourceTree = "<group>"; };
		E33E63901E2CD635003E5875 /* Base */ = {isa = PBXFileReference; lastKnownFileType = file.storyboard; name = Base; path = Base.lproj/LaunchScreen.storyboard; sourceTree = "<group>"; };
		E33E63921E2CD635003E5875 /* Info.plist */ = {isa = PBXFileReference; lastKnownFileType = text.plist.xml; path = Info.plist; sourceTree = "<group>"; };
		E33E63981E2CD95B003E5875 /* paddle.png */ = {isa = PBXFileReference; lastKnownFileType = image.png; path = paddle.png; sourceTree = "<group>"; };
		E33E639C1E2CE371003E5875 /* Paddle.swift */ = {isa = PBXFileReference; fileEncoding = 4; lastKnownFileType = sourcecode.swift; name = Paddle.swift; path = ../Paddle.swift; sourceTree = "<group>"; };
		E33E639E1E2CE918003E5875 /* paddleRotated.png */ = {isa = PBXFileReference; lastKnownFileType = image.png; path = paddleRotated.png; sourceTree = "<group>"; };
/* End PBXFileReference section */

/* Begin PBXFrameworksBuildPhase section */
		E33E63801E2CD635003E5875 /* Frameworks */ = {
			isa = PBXFrameworksBuildPhase;
			buildActionMask = 2147483647;
			files = (
			);
			runOnlyForDeploymentPostprocessing = 0;
		};
/* End PBXFrameworksBuildPhase section */

/* Begin PBXGroup section */
		E33E637A1E2CD635003E5875 = {
			isa = PBXGroup;
			children = (
				E33E63851E2CD635003E5875 /* SwitchTest2 */,
				E33E63841E2CD635003E5875 /* Products */,
			);
			sourceTree = "<group>";
		};
		E33E63841E2CD635003E5875 /* Products */ = {
			isa = PBXGroup;
			children = (
				E33E63831E2CD635003E5875 /* SwitchTest2.app */,
			);
			name = Products;
			sourceTree = "<group>";
		};
		E33E63851E2CD635003E5875 /* SwitchTest2 */ = {
			isa = PBXGroup;
			children = (
				E33E639C1E2CE371003E5875 /* Paddle.swift */,
				E33E63981E2CD95B003E5875 /* paddle.png */,
				E33E639E1E2CE918003E5875 /* paddleRotated.png */,
				E33E63861E2CD635003E5875 /* AppDelegate.swift */,
				E33E63881E2CD635003E5875 /* ViewController.swift */,
				E33E638A1E2CD635003E5875 /* Main.storyboard */,
				E33E638D1E2CD635003E5875 /* Assets.xcassets */,
				E33E638F1E2CD635003E5875 /* LaunchScreen.storyboard */,
				E33E63921E2CD635003E5875 /* Info.plist */,
			);
			path = SwitchTest2;
			sourceTree = "<group>";
		};
/* End PBXGroup section */

/* Begin PBXNativeTarget section */
		E33E63821E2CD635003E5875 /* SwitchTest2 */ = {
			isa = PBXNativeTarget;
			buildConfigurationList = E33E63951E2CD635003E5875 /* Build configuration list for PBXNativeTarget "SwitchTest2" */;
			buildPhases = (
				E33E637F1E2CD635003E5875 /* Sources */,
				E33E63801E2CD635003E5875 /* Frameworks */,
				E33E63811E2CD635003E5875 /* Resources */,
			);
			buildRules = (
			);
			dependencies = (
			);
			name = SwitchTest2;
			productName = SwitchTest2;
			productReference = E33E63831E2CD635003E5875 /* SwitchTest2.app */;
			productType = "com.apple.product-type.application";
		};
/* End PBXNativeTarget section */

/* Begin PBXProject section */
		E33E637B1E2CD635003E5875 /* Project object */ = {
			isa = PBXProject;
			attributes = {
				LastSwiftUpdateCheck = 0820;
				LastUpgradeCheck = 0820;
				ORGANIZATIONNAME = "Michael Neuss";
				TargetAttributes = {
					E33E63821E2CD635003E5875 = {
						CreatedOnToolsVersion = 8.2.1;
						ProvisioningStyle = Automatic;
					};
				};
			};
			buildConfigurationList = E33E637E1E2CD635003E5875 /* Build configuration list for PBXProject "SwitchTest2" */;
			compatibilityVersion = "Xcode 3.2";
			developmentRegion = English;
			hasScannedForEncodings = 0;
			knownRegions = (
				en,
				Base,
			);
			mainGroup = E33E637A1E2CD635003E5875;
			productRefGroup = E33E63841E2CD635003E5875 /* Products */;
			projectDirPath = "";
			projectRoot = "";
			targets = (
				E33E63821E2CD635003E5875 /* SwitchTest2 */,
			);
		};
/* End PBXProject section */

/* Begin PBXResourcesBuildPhase section */
		E33E63811E2CD635003E5875 /* Resources */ = {
			isa = PBXResourcesBuildPhase;
			buildActionMask = 2147483647;
			files = (
				E33E639F1E2CE918003E5875 /* paddleRotated.png in Resources */,
				E33E63911E2CD635003E5875 /* LaunchScreen.storyboard in Resources */,
				E33E638E1E2CD635003E5875 /* Assets.xcassets in Resources */,
				E33E638C1E2CD635003E5875 /* Main.storyboard in Resources */,
				E33E63991E2CD95B003E5875 /* paddle.png in Resources */,
			);
			runOnlyForDeploymentPostprocessing = 0;
		};
/* End PBXResourcesBuildPhase section */

/* Begin PBXSourcesBuildPhase section */
		E33E637F1E2CD635003E5875 /* Sources */ = {
			isa = PBXSourcesBuildPhase;
			buildActionMask = 2147483647;
			files = (
				E33E639D1E2CE371003E5875 /* Paddle.swift in Sources */,
				E33E63891E2CD635003E5875 /* ViewController.swift in Sources */,
				E33E63871E2CD635003E5875 /* AppDelegate.swift in Sources */,
			);
			runOnlyForDeploymentPostprocessing = 0;
		};
/* End PBXSourcesBuildPhase section */

/* Begin PBXVariantGroup section */
		E33E638A1E2CD635003E5875 /* Main.storyboard */ = {
			isa = PBXVariantGroup;
			children = (
				E33E638B1E2CD635003E5875 /* Base */,
			);
			name = Main.storyboard;
			sourceTree = "<group>";
		};
		E33E638F1E2CD635003E5875 /* LaunchScreen.storyboard */ = {
			isa = PBXVariantGroup;
			children = (
				E33E63901E2CD635003E5875 /* Base */,
			);
			name = LaunchScreen.storyboard;
			sourceTree = "<group>";
		};
/* End PBXVariantGroup section */

/* Begin XCBuildConfiguration section */
		E33E63931E2CD635003E5875 /* Debug */ = {
			isa = XCBuildConfiguration;
			buildSettings = {
				ALWAYS_SEARCH_USER_PATHS = NO;
				CLANG_ANALYZER_NONNULL = YES;
				CLANG_CXX_LANGUAGE_STANDARD = "gnu++0x";
				CLANG_CXX_LIBRARY = "libc++";
				CLANG_ENABLE_MODULES = YES;
				CLANG_ENABLE_OBJC_ARC = YES;
				CLANG_WARN_BOOL_CONVERSION = YES;
				CLANG_WARN_CONSTANT_CONVERSION = YES;
				CLANG_WARN_DIRECT_OBJC_ISA_USAGE = YES_ERROR;
				CLANG_WARN_DOCUMENTATION_COMMENTS = YES;
				CLANG_WARN_EMPTY_BODY = YES;
				CLANG_WARN_ENUM_CONVERSION = YES;
				CLANG_WARN_INFINITE_RECURSION = YES;
				CLANG_WARN_INT_CONVERSION = YES;
				CLANG_WARN_OBJC_ROOT_CLASS = YES_ERROR;
				CLANG_WARN_SUSPICIOUS_MOVE = YES;
				CLANG_WARN_UNREACHABLE_CODE = YES;
				CLANG_WARN__DUPLICATE_METHOD_MATCH = YES;
				"CODE_SIGN_IDENTITY[sdk=iphoneos*]" = "iPhone Developer";
				COPY_PHASE_STRIP = NO;
				DEBUG_INFORMATION_FORMAT = dwarf;
				ENABLE_STRICT_OBJC_MSGSEND = YES;
				ENABLE_TESTABILITY = YES;
				GCC_C_LANGUAGE_STANDARD = gnu99;
				GCC_DYNAMIC_NO_PIC = NO;
				GCC_NO_COMMON_BLOCKS = YES;
				GCC_OPTIMIZATION_LEVEL = 0;
				GCC_PREPROCESSOR_DEFINITIONS = (
					"DEBUG=1",
					"$(inherited)",
				);
				GCC_WARN_64_TO_32_BIT_CONVERSION = YES;
				GCC_WARN_ABOUT_RETURN_TYPE = YES_ERROR;
				GCC_WARN_UNDECLARED_SELECTOR = YES;
				GCC_WARN_UNINITIALIZED_AUTOS = YES_AGGRESSIVE;
				GCC_WARN_UNUSED_FUNCTION = YES;
				GCC_WARN_UNUSED_VARIABLE = YES;
				IPHONEOS_DEPLOYMENT_TARGET = 10.2;
				MTL_ENABLE_DEBUG_INFO = YES;
				ONLY_ACTIVE_ARCH = YES;
				SDKROOT = iphoneos;
				SWIFT_ACTIVE_COMPILATION_CONDITIONS = DEBUG;
				SWIFT_OPTIMIZATION_LEVEL = "-Onone";
				TARGETED_DEVICE_FAMILY = "1,2";
			};
			name = Debug;
		};
		E33E63941E2CD635003E5875 /* Release */ = {
			isa = XCBuildConfiguration;
			buildSettings = {
				ALWAYS_SEARCH_USER_PATHS = NO;
				CLANG_ANALYZER_NONNULL = YES;
				CLANG_CXX_LANGUAGE_STANDARD = "gnu++0x";
				CLANG_CXX_LIBRARY = "libc++";
				CLANG_ENABLE_MODULES = YES;
				CLANG_ENABLE_OBJC_ARC = YES;
				CLANG_WARN_BOOL_CONVERSION = YES;
				CLANG_WARN_CONSTANT_CONVERSION = YES;
				CLANG_WARN_DIRECT_OBJC_ISA_USAGE = YES_ERROR;
				CLANG_WARN_DOCUMENTATION_COMMENTS = YES;
				CLANG_WARN_EMPTY_BODY = YES;
				CLANG_WARN_ENUM_CONVERSION = YES;
				CLANG_WARN_INFINITE_RECURSION = YES;
				CLANG_WARN_INT_CONVERSION = YES;
				CLANG_WARN_OBJC_ROOT_CLASS = YES_ERROR;
				CLANG_WARN_SUSPICIOUS_MOVE = YES;
				CLANG_WARN_UNREACHABLE_CODE = YES;
				CLANG_WARN__DUPLICATE_METHOD_MATCH = YES;
				"CODE_SIGN_IDENTITY[sdk=iphoneos*]" = "iPhone Developer";
				COPY_PHASE_STRIP = NO;
				DEBUG_INFORMATION_FORMAT = "dwarf-with-dsym";
				ENABLE_NS_ASSERTIONS = NO;
				ENABLE_STRICT_OBJC_MSGSEND = YES;
				GCC_C_LANGUAGE_STANDARD = gnu99;
				GCC_NO_COMMON_BLOCKS = YES;
				GCC_WARN_64_TO_32_BIT_CONVERSION = YES;
				GCC_WARN_ABOUT_RETURN_TYPE = YES_ERROR;
				GCC_WARN_UNDECLARED_SELECTOR = YES;
				GCC_WARN_UNINITIALIZED_AUTOS = YES_AGGRESSIVE;
				GCC_WARN_UNUSED_FUNCTION = YES;
				GCC_WARN_UNUSED_VARIABLE = YES;
				IPHONEOS_DEPLOYMENT_TARGET = 10.2;
				MTL_ENABLE_DEBUG_INFO = NO;
				SDKROOT = iphoneos;
				SWIFT_OPTIMIZATION_LEVEL = "-Owholemodule";
				TARGETED_DEVICE_FAMILY = "1,2";
				VALIDATE_PRODUCT = YES;
			};
			name = Release;
		};
		E33E63961E2CD635003E5875 /* Debug */ = {
			isa = XCBuildConfiguration;
			buildSettings = {
				ASSETCATALOG_COMPILER_APPICON_NAME = AppIcon;
				INFOPLIST_FILE = SwitchTest2/Info.plist;
				LD_RUNPATH_SEARCH_PATHS = "$(inherited) @executable_path/Frameworks";
				PRODUCT_BUNDLE_IDENTIFIER = self.edu.SwitchTest2;
				PRODUCT_NAME = "$(TARGET_NAME)";
				SWIFT_VERSION = 3.0;
			};
			name = Debug;
		};
		E33E63971E2CD635003E5875 /* Release */ = {
			isa = XCBuildConfiguration;
			buildSettings = {
				ASSETCATALOG_COMPILER_APPICON_NAME = AppIcon;
				INFOPLIST_FILE = SwitchTest2/Info.plist;
				LD_RUNPATH_SEARCH_PATHS = "$(inherited) @executable_path/Frameworks";
				PRODUCT_BUNDLE_IDENTIFIER = self.edu.SwitchTest2;
				PRODUCT_NAME = "$(TARGET_NAME)";
				SWIFT_VERSION = 3.0;
			};
			name = Release;
		};
/* End XCBuildConfiguration section */

/* Begin XCConfigurationList section */
		E33E637E1E2CD635003E5875 /* Build configuration list for PBXProject "SwitchTest2" */ = {
			isa = XCConfigurationList;
			buildConfigurations = (
				E33E63931E2CD635003E5875 /* Debug */,
				E33E63941E2CD635003E5875 /* Release */,
			);
			defaultConfigurationIsVisible = 0;
			defaultConfigurationName = Release;
		};
		E33E63951E2CD635003E5875 /* Build configuration list for PBXNativeTarget "SwitchTest2" */ = {
			isa = XCConfigurationList;
			buildConfigurations = (
				E33E63961E2CD635003E5875 /* Debug */,
				E33E63971E2CD635003E5875 /* Release */,
			);
			defaultConfigurationIsVisible = 0;
		};
/* End XCConfigurationList section */
	};
	rootObject = E33E637B1E2CD635003E5875 /* Project object */;
}
